
Microsoft Visual Studio Solution File, Format Version 12.00
# Visual Studio 2012
VisualStudioVersion = 14.0.25123.0
MinimumVisualStudioVersion = 10.0.40219.1
Project("{FAE04EC0-301F-11D3-BF4B-00C04F79EFBC}") = "cddx", "cddx\cddx.csproj", "{8E56CEB2-9293-4D90-9A8D-ABE67510C6C8}"
EndProject
Project("{FAE04EC0-301F-11D3-BF4B-00C04F79EFBC}") = "sdd", "sdd\sdd.csproj", "{0F00D7F1-266A-4689-8075-C796D1D4C115}"
EndProject
Project("{FAE04EC0-301F-11D3-BF4B-00C04F79EFBC}") = "pddx", "pddx\pddx.csproj", "{43698966-F8C5-4749-A8D9-55C9BE0B35F2}"
EndProject
Project("{2150E333-8FDC-42A3-9474-1A3956D46DE8}") = "Solution Items", "Solution Items", "{1030FE4F-DABB-4DF8-8434-11146CED7FC8}"
	ProjectSection(SolutionItems) = preProject
		publish.cmd = publish.cmd
		publish = publish
	EndProjectSection
EndProject
Global
	GlobalSection(SolutionConfigurationPlatforms) = preSolution
		Debug|Any CPU = Debug|Any CPU
		Release|Any CPU = Release|Any CPU
	EndGlobalSection
	GlobalSection(ProjectConfigurationPlatforms) = postSolution
		{0F00D7F1-266A-4689-8075-C796D1D4C115}.Debug|Any CPU.ActiveCfg = Debug|Any CPU
		{0F00D7F1-266A-4689-8075-C796D1D4C115}.Debug|Any CPU.Build.0 = Debug|Any CPU
		{0F00D7F1-266A-4689-8075-C796D1D4C115}.Release|Any CPU.ActiveCfg = Release|Any CPU
		{0F00D7F1-266A-4689-8075-C796D1D4C115}.Release|Any CPU.Build.0 = Release|Any CPU
		{43698966-F8C5-4749-A8D9-55C9BE0B35F2}.Debug|Any CPU.ActiveCfg = Debug|Any CPU
		{43698966-F8C5-4749-A8D9-55C9BE0B35F2}.Debug|Any CPU.Build.0 = Debug|Any CPU
		{43698966-F8C5-4749-A8D9-55C9BE0B35F2}.Release|Any CPU.ActiveCfg = Release|Any CPU
		{43698966-F8C5-4749-A8D9-55C9BE0B35F2}.Release|Any CPU.Build.0 = Release|Any CPU
		{8E56CEB2-9293-4D90-9A8D-ABE67510C6C8}.Debug|Any CPU.ActiveCfg = Debug|Any CPU
		{8E56CEB2-9293-4D90-9A8D-ABE67510C6C8}.Debug|Any CPU.Build.0 = Debug|Any CPU
		{8E56CEB2-9293-4D90-9A8D-ABE67510C6C8}.Release|Any CPU.ActiveCfg = Release|Any CPU
		{8E56CEB2-9293-4D90-9A8D-ABE67510C6C8}.Release|Any CPU.Build.0 = Release|Any CPU
	EndGlobalSection
	GlobalSection(NestedProjects) = preSolution
	EndGlobalSection
	GlobalSection(SolutionProperties) = preSolution
		HideSolutionNode = FALSE
	EndGlobalSection
EndGlobal
